
Microsoft Visual Studio Solution File, Format Version 12.00
# Visual Studio 2012
Project("{FAE04EC0-301F-11D3-BF4B-00C04F79EFBC}") = "Vega-Web", "Vega-Web\Vega-Web.csproj", "{D438C672-E9F8-48A7-A0E9-72656C66160A}"
EndProject
Global
	GlobalSection(SolutionConfigurationPlatforms) = preSolution
		Debug|Any CPU = Debug|Any CPU
		Release|Any CPU = Release|Any CPU
	EndGlobalSection
	GlobalSection(ProjectConfigurationPlatforms) = postSolution
		{D438C672-E9F8-48A7-A0E9-72656C66160A}.Debug|Any CPU.ActiveCfg = Debug|Any CPU
		{D438C672-E9F8-48A7-A0E9-72656C66160A}.Debug|Any CPU.Build.0 = Debug|Any CPU
		{D438C672-E9F8-48A7-A0E9-72656C66160A}.Release|Any CPU.ActiveCfg = Release|Any CPU
		{D438C672-E9F8-48A7-A0E9-72656C66160A}.Release|Any CPU.Build.0 = Release|Any CPU
	EndGlobalSection
EndGlobal
